
Microsoft Visual Studio Solution File, Format Version 12.00
# Visual Studio Version 17
VisualStudioVersion = 17.0.31903.59
MinimumVisualStudioVersion = 10.0.40219.1
Project("{FAE04EC0-301F-11D3-BF4B-00C04F79EFBC}") = "ShowContentDialogAsync_b2fcb0f996", "ShowContentDialogAsync_b2fcb0f996\ShowContentDialogAsync_b2fcb0f996.csproj", "{19BA70A2-EA26-4B11-AD76-865F59A7CF25}"
EndProject
Global
	GlobalSection(SolutionConfigurationPlatforms) = preSolution
		Debug|Any CPU = Debug|Any CPU
		Release|Any CPU = Release|Any CPU
	EndGlobalSection
	GlobalSection(SolutionProperties) = preSolution
		HideSolutionNode = FALSE
	EndGlobalSection
	GlobalSection(ProjectConfigurationPlatforms) = postSolution
		{19BA70A2-EA26-4B11-AD76-865F59A7CF25}.Debug|Any CPU.ActiveCfg = Debug|Any CPU
		{19BA70A2-EA26-4B11-AD76-865F59A7CF25}.Debug|Any CPU.Build.0 = Debug|Any CPU
		{19BA70A2-EA26-4B11-AD76-865F59A7CF25}.Release|Any CPU.ActiveCfg = Release|Any CPU
		{19BA70A2-EA26-4B11-AD76-865F59A7CF25}.Release|Any CPU.Build.0 = Release|Any CPU
	EndGlobalSection
EndGlobal
