
Microsoft Visual Studio Solution File, Format Version 12.00
# Visual Studio Version 17
VisualStudioVersion = 17.0.31903.59
MinimumVisualStudioVersion = 10.0.40219.1
Project("{FAE04EC0-301F-11D3-BF4B-00C04F79EFBC}") = "NameAttribute_962f2eabb0", "NameAttribute_962f2eabb0\NameAttribute_962f2eabb0.csproj", "{55DAFE7C-FBCA-4B52-9197-BA77576FEEAC}"
EndProject
Global
	GlobalSection(SolutionConfigurationPlatforms) = preSolution
		Debug|Any CPU = Debug|Any CPU
		Release|Any CPU = Release|Any CPU
	EndGlobalSection
	GlobalSection(SolutionProperties) = preSolution
		HideSolutionNode = FALSE
	EndGlobalSection
	GlobalSection(ProjectConfigurationPlatforms) = postSolution
		{55DAFE7C-FBCA-4B52-9197-BA77576FEEAC}.Debug|Any CPU.ActiveCfg = Debug|Any CPU
		{55DAFE7C-FBCA-4B52-9197-BA77576FEEAC}.Debug|Any CPU.Build.0 = Debug|Any CPU
		{55DAFE7C-FBCA-4B52-9197-BA77576FEEAC}.Release|Any CPU.ActiveCfg = Release|Any CPU
		{55DAFE7C-FBCA-4B52-9197-BA77576FEEAC}.Release|Any CPU.Build.0 = Release|Any CPU
	EndGlobalSection
EndGlobal
