
Microsoft Visual Studio Solution File, Format Version 12.00
# Visual Studio Version 17
VisualStudioVersion = 17.0.31903.59
MinimumVisualStudioVersion = 10.0.40219.1
Project("{FAE04EC0-301F-11D3-BF4B-00C04F79EFBC}") = "Dispose_8e158f5715", "Dispose_8e158f5715\Dispose_8e158f5715.csproj", "{D08CD062-C391-418D-ADE7-AA37D3E118DC}"
EndProject
Global
	GlobalSection(SolutionConfigurationPlatforms) = preSolution
		Debug|Any CPU = Debug|Any CPU
		Release|Any CPU = Release|Any CPU
	EndGlobalSection
	GlobalSection(SolutionProperties) = preSolution
		HideSolutionNode = FALSE
	EndGlobalSection
	GlobalSection(ProjectConfigurationPlatforms) = postSolution
		{D08CD062-C391-418D-ADE7-AA37D3E118DC}.Debug|Any CPU.ActiveCfg = Debug|Any CPU
		{D08CD062-C391-418D-ADE7-AA37D3E118DC}.Debug|Any CPU.Build.0 = Debug|Any CPU
		{D08CD062-C391-418D-ADE7-AA37D3E118DC}.Release|Any CPU.ActiveCfg = Release|Any CPU
		{D08CD062-C391-418D-ADE7-AA37D3E118DC}.Release|Any CPU.Build.0 = Release|Any CPU
	EndGlobalSection
EndGlobal
